
Microsoft Visual Studio Solution File, Format Version 12.00
# Visual Studio Version 17
VisualStudioVersion = 17.9.34728.123
MinimumVisualStudioVersion = 10.0.40219.1
Project("{FAE04EC0-301F-11D3-BF4B-00C04F79EFBC}") = "CityCabsLeeds", "CityCabsLeeds\CityCabsLeeds.csproj", "{0F042A27-0CCF-473C-B314-6AD35DF764A7}"
EndProject
Global
	GlobalSection(SolutionConfigurationPlatforms) = preSolution
		Debug|Any CPU = Debug|Any CPU
		Release|Any CPU = Release|Any CPU
	EndGlobalSection
	GlobalSection(ProjectConfigurationPlatforms) = postSolution
		{0F042A27-0CCF-473C-B314-6AD35DF764A7}.Debug|Any CPU.ActiveCfg = Debug|Any CPU
		{0F042A27-0CCF-473C-B314-6AD35DF764A7}.Debug|Any CPU.Build.0 = Debug|Any CPU
		{0F042A27-0CCF-473C-B314-6AD35DF764A7}.Release|Any CPU.ActiveCfg = Release|Any CPU
		{0F042A27-0CCF-473C-B314-6AD35DF764A7}.Release|Any CPU.Build.0 = Release|Any CPU
	EndGlobalSection
	GlobalSection(SolutionProperties) = preSolution
		HideSolutionNode = FALSE
	EndGlobalSection
	GlobalSection(ExtensibilityGlobals) = postSolution
		SolutionGuid = {BCB336D1-8735-4831-BA45-9B08B80268AF}
	EndGlobalSection
EndGlobal
